
Microsoft Visual Studio Solution File, Format Version 12.00
# Visual Studio 14
VisualStudioVersion = 14.0.25123.0
MinimumVisualStudioVersion = 10.0.40219.1
Project("{2150E333-8FDC-42A3-9474-1A3956D46DE8}") = "DotNet", "DotNet", "{EF52735D-DF66-43A3-9C39-057057821C44}"
EndProject
Project("{FAE04EC0-301F-11D3-BF4B-00C04F79EFBC}") = "Hello", "src\DotNet\Hello\Hello.csproj", "{922A9831-3BA7-4B7C-B8F3-11855AC7F742}"
EndProject
Project("{2150E333-8FDC-42A3-9474-1A3956D46DE8}") = "Web", "Web", "{C302F18E-3BF7-4367-8A1C-59087E523AFD}"
EndProject
Project("{E24C65DC-7377-472B-9ABA-BC803B73C61A}") = "Web", "src\Web\", "{85435B57-8BC0-4FBB-91D0-40EF41D8C11F}"
	ProjectSection(WebsiteProperties) = preProject
		TargetFrameworkMoniker = ".NETFramework,Version%3Dv4.0"
		Debug.AspNetCompiler.VirtualPath = "/localhost_57021"
		Debug.AspNetCompiler.PhysicalPath = "src\Web\"
		Debug.AspNetCompiler.TargetPath = "PrecompiledWeb\localhost_57021\"
		Debug.AspNetCompiler.Updateable = "true"
		Debug.AspNetCompiler.ForceOverwrite = "true"
		Debug.AspNetCompiler.FixedNames = "false"
		Debug.AspNetCompiler.Debug = "True"
		Release.AspNetCompiler.VirtualPath = "/localhost_57021"
		Release.AspNetCompiler.PhysicalPath = "src\Web\"
		Release.AspNetCompiler.TargetPath = "PrecompiledWeb\localhost_57021\"
		Release.AspNetCompiler.Updateable = "true"
		Release.AspNetCompiler.ForceOverwrite = "true"
		Release.AspNetCompiler.FixedNames = "false"
		Release.AspNetCompiler.Debug = "False"
		VWDPort = "57021"
		SlnRelativePath = "src\Web\"
	EndProjectSection
EndProject
Global
	GlobalSection(SolutionConfigurationPlatforms) = preSolution
		Debug|Any CPU = Debug|Any CPU
		Release|Any CPU = Release|Any CPU
	EndGlobalSection
	GlobalSection(ProjectConfigurationPlatforms) = postSolution
		{922A9831-3BA7-4B7C-B8F3-11855AC7F742}.Debug|Any CPU.ActiveCfg = Debug|Any CPU
		{922A9831-3BA7-4B7C-B8F3-11855AC7F742}.Debug|Any CPU.Build.0 = Debug|Any CPU
		{922A9831-3BA7-4B7C-B8F3-11855AC7F742}.Release|Any CPU.ActiveCfg = Release|Any CPU
		{922A9831-3BA7-4B7C-B8F3-11855AC7F742}.Release|Any CPU.Build.0 = Release|Any CPU
		{85435B57-8BC0-4FBB-91D0-40EF41D8C11F}.Debug|Any CPU.ActiveCfg = Debug|Any CPU
		{85435B57-8BC0-4FBB-91D0-40EF41D8C11F}.Debug|Any CPU.Build.0 = Debug|Any CPU
		{85435B57-8BC0-4FBB-91D0-40EF41D8C11F}.Release|Any CPU.ActiveCfg = Debug|Any CPU
		{85435B57-8BC0-4FBB-91D0-40EF41D8C11F}.Release|Any CPU.Build.0 = Debug|Any CPU
	EndGlobalSection
	GlobalSection(SolutionProperties) = preSolution
		HideSolutionNode = FALSE
	EndGlobalSection
	GlobalSection(NestedProjects) = preSolution
		{922A9831-3BA7-4B7C-B8F3-11855AC7F742} = {EF52735D-DF66-43A3-9C39-057057821C44}
		{85435B57-8BC0-4FBB-91D0-40EF41D8C11F} = {C302F18E-3BF7-4367-8A1C-59087E523AFD}
	EndGlobalSection
EndGlobal
